
Microsoft Visual Studio Solution File, Format Version 12.00
# Visual Studio Version 17
VisualStudioVersion = 17.1.32210.238
MinimumVisualStudioVersion = 10.0.40219.1
Project("{FAE04EC0-301F-11D3-BF4B-00C04F79EFBC}") = "ConsoleUI", "ConsoleUI\ConsoleUI.csproj", "{2F7A6F5F-60EC-4AB3-84A6-BBA997430224}"
EndProject
Project("{FAE04EC0-301F-11D3-BF4B-00C04F79EFBC}") = "GuestBookLibrary", "GuestBookLibrary\GuestBookLibrary.csproj", "{A58714CB-A112-4B21-99BB-98680C48CA5F}"
EndProject
Global
	GlobalSection(SolutionConfigurationPlatforms) = preSolution
		Debug|Any CPU = Debug|Any CPU
		Release|Any CPU = Release|Any CPU
	EndGlobalSection
	GlobalSection(ProjectConfigurationPlatforms) = postSolution
		{2F7A6F5F-60EC-4AB3-84A6-BBA997430224}.Debug|Any CPU.ActiveCfg = Debug|Any CPU
		{2F7A6F5F-60EC-4AB3-84A6-BBA997430224}.Debug|Any CPU.Build.0 = Debug|Any CPU
		{2F7A6F5F-60EC-4AB3-84A6-BBA997430224}.Release|Any CPU.ActiveCfg = Release|Any CPU
		{2F7A6F5F-60EC-4AB3-84A6-BBA997430224}.Release|Any CPU.Build.0 = Release|Any CPU
		{A58714CB-A112-4B21-99BB-98680C48CA5F}.Debug|Any CPU.ActiveCfg = Debug|Any CPU
		{A58714CB-A112-4B21-99BB-98680C48CA5F}.Debug|Any CPU.Build.0 = Debug|Any CPU
		{A58714CB-A112-4B21-99BB-98680C48CA5F}.Release|Any CPU.ActiveCfg = Release|Any CPU
		{A58714CB-A112-4B21-99BB-98680C48CA5F}.Release|Any CPU.Build.0 = Release|Any CPU
	EndGlobalSection
	GlobalSection(SolutionProperties) = preSolution
		HideSolutionNode = FALSE
	EndGlobalSection
	GlobalSection(ExtensibilityGlobals) = postSolution
		SolutionGuid = {06E89348-A1EE-4752-A081-3114954BDA35}
	EndGlobalSection
EndGlobal
